
Microsoft Visual Studio Solution File, Format Version 12.00
# Visual Studio Version 16
VisualStudioVersion = 16.0.30621.155
MinimumVisualStudioVersion = 10.0.40219.1
Project("{FAE04EC0-301F-11D3-BF4B-00C04F79EFBC}") = "parcial 2 de corredor", "parcial 2 de corredor\parcial 2 de corredor.csproj", "{74CF837B-90AA-4D82-A255-E690075CD84F}"
EndProject
Project("{FAE04EC0-301F-11D3-BF4B-00C04F79EFBC}") = "Entidades", "Entidades\Entidades.csproj", "{2A4D0A83-A6B2-486F-AFCA-D585BE5DA3AB}"
EndProject
Global
	GlobalSection(SolutionConfigurationPlatforms) = preSolution
		Debug|Any CPU = Debug|Any CPU
		Release|Any CPU = Release|Any CPU
	EndGlobalSection
	GlobalSection(ProjectConfigurationPlatforms) = postSolution
		{74CF837B-90AA-4D82-A255-E690075CD84F}.Debug|Any CPU.ActiveCfg = Debug|Any CPU
		{74CF837B-90AA-4D82-A255-E690075CD84F}.Debug|Any CPU.Build.0 = Debug|Any CPU
		{74CF837B-90AA-4D82-A255-E690075CD84F}.Release|Any CPU.ActiveCfg = Release|Any CPU
		{74CF837B-90AA-4D82-A255-E690075CD84F}.Release|Any CPU.Build.0 = Release|Any CPU
		{2A4D0A83-A6B2-486F-AFCA-D585BE5DA3AB}.Debug|Any CPU.ActiveCfg = Debug|Any CPU
		{2A4D0A83-A6B2-486F-AFCA-D585BE5DA3AB}.Debug|Any CPU.Build.0 = Debug|Any CPU
		{2A4D0A83-A6B2-486F-AFCA-D585BE5DA3AB}.Release|Any CPU.ActiveCfg = Release|Any CPU
		{2A4D0A83-A6B2-486F-AFCA-D585BE5DA3AB}.Release|Any CPU.Build.0 = Release|Any CPU
	EndGlobalSection
	GlobalSection(SolutionProperties) = preSolution
		HideSolutionNode = FALSE
	EndGlobalSection
	GlobalSection(ExtensibilityGlobals) = postSolution
		SolutionGuid = {377B7879-033F-40D5-8BEA-07A2E07A9D6A}
	EndGlobalSection
EndGlobal
